
Microsoft Visual Studio Solution File, Format Version 12.00
# Visual Studio 15
VisualStudioVersion = 15.0.26430.16
MinimumVisualStudioVersion = 10.0.40219.1
Project("{FAE04EC0-301F-11D3-BF4B-00C04F79EFBC}") = "GoodBuy.Android", "GoodBuy\GoodBuy.Android\GoodBuy.Android.csproj", "{46BE837E-333E-4725-A5F7-9F776B1C0C6F}"
EndProject
Project("{FAE04EC0-301F-11D3-BF4B-00C04F79EFBC}") = "GoodBuy", "GoodBuy\GoodBuy\GoodBuy.csproj", "{3418C6B6-C347-41E7-BF89-053603348266}"
EndProject
Project("{FAE04EC0-301F-11D3-BF4B-00C04F79EFBC}") = "GoodBuy.UWP", "GoodBuy\GoodBuy.UWP\GoodBuy.UWP.csproj", "{28A3770F-2548-4A3B-A768-EB158732CC03}"
EndProject
Project("{FAE04EC0-301F-11D3-BF4B-00C04F79EFBC}") = "GoodBuy.iOS", "GoodBuy\GoodBuy.iOS\GoodBuy.iOS.csproj", "{AAB0EEE2-B5C9-41E4-AACD-21F89841CF68}"
EndProject
Global
	GlobalSection(SolutionConfigurationPlatforms) = preSolution
		Ad-Hoc|Any CPU = Ad-Hoc|Any CPU
		Ad-Hoc|ARM = Ad-Hoc|ARM
		Ad-Hoc|iPhone = Ad-Hoc|iPhone
		Ad-Hoc|iPhoneSimulator = Ad-Hoc|iPhoneSimulator
		Ad-Hoc|x64 = Ad-Hoc|x64
		Ad-Hoc|x86 = Ad-Hoc|x86
		AppStore|Any CPU = AppStore|Any CPU
		AppStore|ARM = AppStore|ARM
		AppStore|iPhone = AppStore|iPhone
		AppStore|iPhoneSimulator = AppStore|iPhoneSimulator
		AppStore|x64 = AppStore|x64
		AppStore|x86 = AppStore|x86
		Debug|Any CPU = Debug|Any CPU
		Debug|ARM = Debug|ARM
		Debug|iPhone = Debug|iPhone
		Debug|iPhoneSimulator = Debug|iPhoneSimulator
		Debug|x64 = Debug|x64
		Debug|x86 = Debug|x86
		Release|Any CPU = Release|Any CPU
		Release|ARM = Release|ARM
		Release|iPhone = Release|iPhone
		Release|iPhoneSimulator = Release|iPhoneSimulator
		Release|x64 = Release|x64
		Release|x86 = Release|x86
	EndGlobalSection
	GlobalSection(ProjectConfigurationPlatforms) = postSolution
		{46BE837E-333E-4725-A5F7-9F776B1C0C6F}.Ad-Hoc|Any CPU.ActiveCfg = Release|Any CPU
		{46BE837E-333E-4725-A5F7-9F776B1C0C6F}.Ad-Hoc|Any CPU.Build.0 = Release|Any CPU
		{46BE837E-333E-4725-A5F7-9F776B1C0C6F}.Ad-Hoc|Any CPU.Deploy.0 = Release|Any CPU
		{46BE837E-333E-4725-A5F7-9F776B1C0C6F}.Ad-Hoc|ARM.ActiveCfg = Release|Any CPU
		{46BE837E-333E-4725-A5F7-9F776B1C0C6F}.Ad-Hoc|ARM.Build.0 = Release|Any CPU
		{46BE837E-333E-4725-A5F7-9F776B1C0C6F}.Ad-Hoc|ARM.Deploy.0 = Release|Any CPU
		{46BE837E-333E-4725-A5F7-9F776B1C0C6F}.Ad-Hoc|iPhone.ActiveCfg = Release|Any CPU
		{46BE837E-333E-4725-A5F7-9F776B1C0C6F}.Ad-Hoc|iPhone.Build.0 = Release|Any CPU
		{46BE837E-333E-4725-A5F7-9F776B1C0C6F}.Ad-Hoc|iPhone.Deploy.0 = Release|Any CPU
		{46BE837E-333E-4725-A5F7-9F776B1C0C6F}.Ad-Hoc|iPhoneSimulator.ActiveCfg = Release|Any CPU
		{46BE837E-333E-4725-A5F7-9F776B1C0C6F}.Ad-Hoc|iPhoneSimulator.Build.0 = Release|Any CPU
		{46BE837E-333E-4725-A5F7-9F776B1C0C6F}.Ad-Hoc|iPhoneSimulator.Deploy.0 = Release|Any CPU
		{46BE837E-333E-4725-A5F7-9F776B1C0C6F}.Ad-Hoc|x64.ActiveCfg = Release|Any CPU
		{46BE837E-333E-4725-A5F7-9F776B1C0C6F}.Ad-Hoc|x64.Build.0 = Release|Any CPU
		{46BE837E-333E-4725-A5F7-9F776B1C0C6F}.Ad-Hoc|x64.Deploy.0 = Release|Any CPU
		{46BE837E-333E-4725-A5F7-9F776B1C0C6F}.Ad-Hoc|x86.ActiveCfg = Release|Any CPU
		{46BE837E-333E-4725-A5F7-9F776B1C0C6F}.Ad-Hoc|x86.Build.0 = Release|Any CPU
		{46BE837E-333E-4725-A5F7-9F776B1C0C6F}.Ad-Hoc|x86.Deploy.0 = Release|Any CPU
		{46BE837E-333E-4725-A5F7-9F776B1C0C6F}.AppStore|Any CPU.ActiveCfg = Release|Any CPU
		{46BE837E-333E-4725-A5F7-9F776B1C0C6F}.AppStore|Any CPU.Build.0 = Release|Any CPU
		{46BE837E-333E-4725-A5F7-9F776B1C0C6F}.AppStore|Any CPU.Deploy.0 = Release|Any CPU
		{46BE837E-333E-4725-A5F7-9F776B1C0C6F}.AppStore|ARM.ActiveCfg = Release|Any CPU
		{46BE837E-333E-4725-A5F7-9F776B1C0C6F}.AppStore|ARM.Build.0 = Release|Any CPU
		{46BE837E-333E-4725-A5F7-9F776B1C0C6F}.AppStore|ARM.Deploy.0 = Release|Any CPU
		{46BE837E-333E-4725-A5F7-9F776B1C0C6F}.AppStore|iPhone.ActiveCfg = Release|Any CPU
		{46BE837E-333E-4725-A5F7-9F776B1C0C6F}.AppStore|iPhone.Build.0 = Release|Any CPU
		{46BE837E-333E-4725-A5F7-9F776B1C0C6F}.AppStore|iPhone.Deploy.0 = Release|Any CPU
		{46BE837E-333E-4725-A5F7-9F776B1C0C6F}.AppStore|iPhoneSimulator.ActiveCfg = Release|Any CPU
		{46BE837E-333E-4725-A5F7-9F776B1C0C6F}.AppStore|iPhoneSimulator.Build.0 = Release|Any CPU
		{46BE837E-333E-4725-A5F7-9F776B1C0C6F}.AppStore|iPhoneSimulator.Deploy.0 = Release|Any CPU
		{46BE837E-333E-4725-A5F7-9F776B1C0C6F}.AppStore|x64.ActiveCfg = Release|Any CPU
		{46BE837E-333E-4725-A5F7-9F776B1C0C6F}.AppStore|x64.Build.0 = Release|Any CPU
		{46BE837E-333E-4725-A5F7-9F776B1C0C6F}.AppStore|x64.Deploy.0 = Release|Any CPU
		{46BE837E-333E-4725-A5F7-9F776B1C0C6F}.AppStore|x86.ActiveCfg = Release|Any CPU
		{46BE837E-333E-4725-A5F7-9F776B1C0C6F}.AppStore|x86.Build.0 = Release|Any CPU
		{46BE837E-333E-4725-A5F7-9F776B1C0C6F}.AppStore|x86.Deploy.0 = Release|Any CPU
		{46BE837E-333E-4725-A5F7-9F776B1C0C6F}.Debug|Any CPU.ActiveCfg = Debug|Any CPU
		{46BE837E-333E-4725-A5F7-9F776B1C0C6F}.Debug|Any CPU.Build.0 = Debug|Any CPU
		{46BE837E-333E-4725-A5F7-9F776B1C0C6F}.Debug|Any CPU.Deploy.0 = Debug|Any CPU
		{46BE837E-333E-4725-A5F7-9F776B1C0C6F}.Debug|ARM.ActiveCfg = Debug|Any CPU
		{46BE837E-333E-4725-A5F7-9F776B1C0C6F}.Debug|ARM.Build.0 = Debug|Any CPU
		{46BE837E-333E-4725-A5F7-9F776B1C0C6F}.Debug|ARM.Deploy.0 = Debug|Any CPU
		{46BE837E-333E-4725-A5F7-9F776B1C0C6F}.Debug|iPhone.ActiveCfg = Debug|Any CPU
		{46BE837E-333E-4725-A5F7-9F776B1C0C6F}.Debug|iPhone.Build.0 = Debug|Any CPU
		{46BE837E-333E-4725-A5F7-9F776B1C0C6F}.Debug|iPhone.Deploy.0 = Debug|Any CPU
		{46BE837E-333E-4725-A5F7-9F776B1C0C6F}.Debug|iPhoneSimulator.ActiveCfg = Debug|Any CPU
		{46BE837E-333E-4725-A5F7-9F776B1C0C6F}.Debug|iPhoneSimulator.Build.0 = Debug|Any CPU
		{46BE837E-333E-4725-A5F7-9F776B1C0C6F}.Debug|iPhoneSimulator.Deploy.0 = Debug|Any CPU
		{46BE837E-333E-4725-A5F7-9F776B1C0C6F}.Debug|x64.ActiveCfg = Debug|Any CPU
		{46BE837E-333E-4725-A5F7-9F776B1C0C6F}.Debug|x64.Build.0 = Debug|Any CPU
		{46BE837E-333E-4725-A5F7-9F776B1C0C6F}.Debug|x64.Deploy.0 = Debug|Any CPU
		{46BE837E-333E-4725-A5F7-9F776B1C0C6F}.Debug|x86.ActiveCfg = Debug|Any CPU
		{46BE837E-333E-4725-A5F7-9F776B1C0C6F}.Debug|x86.Build.0 = Debug|Any CPU
		{46BE837E-333E-4725-A5F7-9F776B1C0C6F}.Debug|x86.Deploy.0 = Debug|Any CPU
		{46BE837E-333E-4725-A5F7-9F776B1C0C6F}.Release|Any CPU.ActiveCfg = Release|Any CPU
		{46BE837E-333E-4725-A5F7-9F776B1C0C6F}.Release|Any CPU.Build.0 = Release|Any CPU
		{46BE837E-333E-4725-A5F7-9F776B1C0C6F}.Release|Any CPU.Deploy.0 = Release|Any CPU
		{46BE837E-333E-4725-A5F7-9F776B1C0C6F}.Release|ARM.ActiveCfg = Release|Any CPU
		{46BE837E-333E-4725-A5F7-9F776B1C0C6F}.Release|ARM.Build.0 = Release|Any CPU
		{46BE837E-333E-4725-A5F7-9F776B1C0C6F}.Release|ARM.Deploy.0 = Release|Any CPU
		{46BE837E-333E-4725-A5F7-9F776B1C0C6F}.Release|iPhone.ActiveCfg = Release|Any CPU
		{46BE837E-333E-4725-A5F7-9F776B1C0C6F}.Release|iPhone.Build.0 = Release|Any CPU
		{46BE837E-333E-4725-A5F7-9F776B1C0C6F}.Release|iPhone.Deploy.0 = Release|Any CPU
		{46BE837E-333E-4725-A5F7-9F776B1C0C6F}.Release|iPhoneSimulator.ActiveCfg = Release|Any CPU
		{46BE837E-333E-4725-A5F7-9F776B1C0C6F}.Release|iPhoneSimulator.Build.0 = Release|Any CPU
		{46BE837E-333E-4725-A5F7-9F776B1C0C6F}.Release|iPhoneSimulator.Deploy.0 = Release|Any CPU
		{46BE837E-333E-4725-A5F7-9F776B1C0C6F}.Release|x64.ActiveCfg = Release|Any CPU
		{46BE837E-333E-4725-A5F7-9F776B1C0C6F}.Release|x64.Build.0 = Release|Any CPU
		{46BE837E-333E-4725-A5F7-9F776B1C0C6F}.Release|x64.Deploy.0 = Release|Any CPU
		{46BE837E-333E-4725-A5F7-9F776B1C0C6F}.Release|x86.ActiveCfg = Release|Any CPU
		{46BE837E-333E-4725-A5F7-9F776B1C0C6F}.Release|x86.Build.0 = Release|Any CPU
		{46BE837E-333E-4725-A5F7-9F776B1C0C6F}.Release|x86.Deploy.0 = Release|Any CPU
		{3418C6B6-C347-41E7-BF89-053603348266}.Ad-Hoc|Any CPU.ActiveCfg = Release|Any CPU
		{3418C6B6-C347-41E7-BF89-053603348266}.Ad-Hoc|Any CPU.Build.0 = Release|Any CPU
		{3418C6B6-C347-41E7-BF89-053603348266}.Ad-Hoc|ARM.ActiveCfg = Release|Any CPU
		{3418C6B6-C347-41E7-BF89-053603348266}.Ad-Hoc|ARM.Build.0 = Release|Any CPU
		{3418C6B6-C347-41E7-BF89-053603348266}.Ad-Hoc|iPhone.ActiveCfg = Release|Any CPU
		{3418C6B6-C347-41E7-BF89-053603348266}.Ad-Hoc|iPhone.Build.0 = Release|Any CPU
		{3418C6B6-C347-41E7-BF89-053603348266}.Ad-Hoc|iPhoneSimulator.ActiveCfg = Release|Any CPU
		{3418C6B6-C347-41E7-BF89-053603348266}.Ad-Hoc|iPhoneSimulator.Build.0 = Release|Any CPU
		{3418C6B6-C347-41E7-BF89-053603348266}.Ad-Hoc|x64.ActiveCfg = Release|Any CPU
		{3418C6B6-C347-41E7-BF89-053603348266}.Ad-Hoc|x64.Build.0 = Release|Any CPU
		{3418C6B6-C347-41E7-BF89-053603348266}.Ad-Hoc|x86.ActiveCfg = Release|Any CPU
		{3418C6B6-C347-41E7-BF89-053603348266}.Ad-Hoc|x86.Build.0 = Release|Any CPU
		{3418C6B6-C347-41E7-BF89-053603348266}.AppStore|Any CPU.ActiveCfg = Release|Any CPU
		{3418C6B6-C347-41E7-BF89-053603348266}.AppStore|Any CPU.Build.0 = Release|Any CPU
		{3418C6B6-C347-41E7-BF89-053603348266}.AppStore|ARM.ActiveCfg = Release|Any CPU
		{3418C6B6-C347-41E7-BF89-053603348266}.AppStore|ARM.Build.0 = Release|Any CPU
		{3418C6B6-C347-41E7-BF89-053603348266}.AppStore|iPhone.ActiveCfg = Release|Any CPU
		{3418C6B6-C347-41E7-BF89-053603348266}.AppStore|iPhone.Build.0 = Release|Any CPU
		{3418C6B6-C347-41E7-BF89-053603348266}.AppStore|iPhoneSimulator.ActiveCfg = Release|Any CPU
		{3418C6B6-C347-41E7-BF89-053603348266}.AppStore|iPhoneSimulator.Build.0 = Release|Any CPU
		{3418C6B6-C347-41E7-BF89-053603348266}.AppStore|x64.ActiveCfg = Release|Any CPU
		{3418C6B6-C347-41E7-BF89-053603348266}.AppStore|x64.Build.0 = Release|Any CPU
		{3418C6B6-C347-41E7-BF89-053603348266}.AppStore|x86.ActiveCfg = Release|Any CPU
		{3418C6B6-C347-41E7-BF89-053603348266}.AppStore|x86.Build.0 = Release|Any CPU
		{3418C6B6-C347-41E7-BF89-053603348266}.Debug|Any CPU.ActiveCfg = Debug|Any CPU
		{3418C6B6-C347-41E7-BF89-053603348266}.Debug|Any CPU.Build.0 = Debug|Any CPU
		{3418C6B6-C347-41E7-BF89-053603348266}.Debug|ARM.ActiveCfg = Debug|Any CPU
		{3418C6B6-C347-41E7-BF89-053603348266}.Debug|ARM.Build.0 = Debug|Any CPU
		{3418C6B6-C347-41E7-BF89-053603348266}.Debug|iPhone.ActiveCfg = Debug|Any CPU
		{3418C6B6-C347-41E7-BF89-053603348266}.Debug|iPhone.Build.0 = Debug|Any CPU
		{3418C6B6-C347-41E7-BF89-053603348266}.Debug|iPhoneSimulator.ActiveCfg = Debug|Any CPU
		{3418C6B6-C347-41E7-BF89-053603348266}.Debug|iPhoneSimulator.Build.0 = Debug|Any CPU
		{3418C6B6-C347-41E7-BF89-053603348266}.Debug|x64.ActiveCfg = Debug|Any CPU
		{3418C6B6-C347-41E7-BF89-053603348266}.Debug|x64.Build.0 = Debug|Any CPU
		{3418C6B6-C347-41E7-BF89-053603348266}.Debug|x86.ActiveCfg = Debug|Any CPU
		{3418C6B6-C347-41E7-BF89-053603348266}.Debug|x86.Build.0 = Debug|Any CPU
		{3418C6B6-C347-41E7-BF89-053603348266}.Release|Any CPU.ActiveCfg = Release|Any CPU
		{3418C6B6-C347-41E7-BF89-053603348266}.Release|Any CPU.Build.0 = Release|Any CPU
		{3418C6B6-C347-41E7-BF89-053603348266}.Release|ARM.ActiveCfg = Release|Any CPU
		{3418C6B6-C347-41E7-BF89-053603348266}.Release|ARM.Build.0 = Release|Any CPU
		{3418C6B6-C347-41E7-BF89-053603348266}.Release|iPhone.ActiveCfg = Release|Any CPU
		{3418C6B6-C347-41E7-BF89-053603348266}.Release|iPhone.Build.0 = Release|Any CPU
		{3418C6B6-C347-41E7-BF89-053603348266}.Release|iPhoneSimulator.ActiveCfg = Release|Any CPU
		{3418C6B6-C347-41E7-BF89-053603348266}.Release|iPhoneSimulator.Build.0 = Release|Any CPU
		{3418C6B6-C347-41E7-BF89-053603348266}.Release|x64.ActiveCfg = Release|Any CPU
		{3418C6B6-C347-41E7-BF89-053603348266}.Release|x64.Build.0 = Release|Any CPU
		{3418C6B6-C347-41E7-BF89-053603348266}.Release|x86.ActiveCfg = Release|Any CPU
		{3418C6B6-C347-41E7-BF89-053603348266}.Release|x86.Build.0 = Release|Any CPU
		{28A3770F-2548-4A3B-A768-EB158732CC03}.Ad-Hoc|Any CPU.ActiveCfg = Release|x86
		{28A3770F-2548-4A3B-A768-EB158732CC03}.Ad-Hoc|Any CPU.Build.0 = Release|x86
		{28A3770F-2548-4A3B-A768-EB158732CC03}.Ad-Hoc|Any CPU.Deploy.0 = Release|x86
		{28A3770F-2548-4A3B-A768-EB158732CC03}.Ad-Hoc|ARM.ActiveCfg = Release|ARM
		{28A3770F-2548-4A3B-A768-EB158732CC03}.Ad-Hoc|ARM.Build.0 = Release|ARM
		{28A3770F-2548-4A3B-A768-EB158732CC03}.Ad-Hoc|ARM.Deploy.0 = Release|ARM
		{28A3770F-2548-4A3B-A768-EB158732CC03}.Ad-Hoc|iPhone.ActiveCfg = Release|x86
		{28A3770F-2548-4A3B-A768-EB158732CC03}.Ad-Hoc|iPhone.Build.0 = Release|x86
		{28A3770F-2548-4A3B-A768-EB158732CC03}.Ad-Hoc|iPhone.Deploy.0 = Release|x86
		{28A3770F-2548-4A3B-A768-EB158732CC03}.Ad-Hoc|iPhoneSimulator.ActiveCfg = Release|x86
		{28A3770F-2548-4A3B-A768-EB158732CC03}.Ad-Hoc|iPhoneSimulator.Build.0 = Release|x86
		{28A3770F-2548-4A3B-A768-EB158732CC03}.Ad-Hoc|iPhoneSimulator.Deploy.0 = Release|x86
		{28A3770F-2548-4A3B-A768-EB158732CC03}.Ad-Hoc|x64.ActiveCfg = Release|x64
		{28A3770F-2548-4A3B-A768-EB158732CC03}.Ad-Hoc|x64.Build.0 = Release|x64
		{28A3770F-2548-4A3B-A768-EB158732CC03}.Ad-Hoc|x64.Deploy.0 = Release|x64
		{28A3770F-2548-4A3B-A768-EB158732CC03}.Ad-Hoc|x86.ActiveCfg = Release|x86
		{28A3770F-2548-4A3B-A768-EB158732CC03}.Ad-Hoc|x86.Build.0 = Release|x86
		{28A3770F-2548-4A3B-A768-EB158732CC03}.Ad-Hoc|x86.Deploy.0 = Release|x86
		{28A3770F-2548-4A3B-A768-EB158732CC03}.AppStore|Any CPU.ActiveCfg = Release|x86
		{28A3770F-2548-4A3B-A768-EB158732CC03}.AppStore|Any CPU.Build.0 = Release|x86
		{28A3770F-2548-4A3B-A768-EB158732CC03}.AppStore|Any CPU.Deploy.0 = Release|x86
		{28A3770F-2548-4A3B-A768-EB158732CC03}.AppStore|ARM.ActiveCfg = Release|ARM
		{28A3770F-2548-4A3B-A768-EB158732CC03}.AppStore|ARM.Build.0 = Release|ARM
		{28A3770F-2548-4A3B-A768-EB158732CC03}.AppStore|ARM.Deploy.0 = Release|ARM
		{28A3770F-2548-4A3B-A768-EB158732CC03}.AppStore|iPhone.ActiveCfg = Release|x86
		{28A3770F-2548-4A3B-A768-EB158732CC03}.AppStore|iPhone.Build.0 = Release|x86
		{28A3770F-2548-4A3B-A768-EB158732CC03}.AppStore|iPhone.Deploy.0 = Release|x86
		{28A3770F-2548-4A3B-A768-EB158732CC03}.AppStore|iPhoneSimulator.ActiveCfg = Release|x86
		{28A3770F-2548-4A3B-A768-EB158732CC03}.AppStore|iPhoneSimulator.Build.0 = Release|x86
		{28A3770F-2548-4A3B-A768-EB158732CC03}.AppStore|iPhoneSimulator.Deploy.0 = Release|x86
		{28A3770F-2548-4A3B-A768-EB158732CC03}.AppStore|x64.ActiveCfg = Release|x64
		{28A3770F-2548-4A3B-A768-EB158732CC03}.AppStore|x64.Build.0 = Release|x64
		{28A3770F-2548-4A3B-A768-EB158732CC03}.AppStore|x64.Deploy.0 = Release|x64
		{28A3770F-2548-4A3B-A768-EB158732CC03}.AppStore|x86.ActiveCfg = Release|x86
		{28A3770F-2548-4A3B-A768-EB158732CC03}.AppStore|x86.Build.0 = Release|x86
		{28A3770F-2548-4A3B-A768-EB158732CC03}.AppStore|x86.Deploy.0 = Release|x86
		{28A3770F-2548-4A3B-A768-EB158732CC03}.Debug|Any CPU.ActiveCfg = Debug|x86
		{28A3770F-2548-4A3B-A768-EB158732CC03}.Debug|ARM.ActiveCfg = Debug|ARM
		{28A3770F-2548-4A3B-A768-EB158732CC03}.Debug|ARM.Build.0 = Debug|ARM
		{28A3770F-2548-4A3B-A768-EB158732CC03}.Debug|ARM.Deploy.0 = Debug|ARM
		{28A3770F-2548-4A3B-A768-EB158732CC03}.Debug|iPhone.ActiveCfg = Debug|x86
		{28A3770F-2548-4A3B-A768-EB158732CC03}.Debug|iPhoneSimulator.ActiveCfg = Debug|x86
		{28A3770F-2548-4A3B-A768-EB158732CC03}.Debug|x64.ActiveCfg = Debug|x64
		{28A3770F-2548-4A3B-A768-EB158732CC03}.Debug|x64.Build.0 = Debug|x64
		{28A3770F-2548-4A3B-A768-EB158732CC03}.Debug|x64.Deploy.0 = Debug|x64
		{28A3770F-2548-4A3B-A768-EB158732CC03}.Debug|x86.ActiveCfg = Debug|x86
		{28A3770F-2548-4A3B-A768-EB158732CC03}.Debug|x86.Build.0 = Debug|x86
		{28A3770F-2548-4A3B-A768-EB158732CC03}.Debug|x86.Deploy.0 = Debug|x86
		{28A3770F-2548-4A3B-A768-EB158732CC03}.Release|Any CPU.ActiveCfg = Release|x86
		{28A3770F-2548-4A3B-A768-EB158732CC03}.Release|ARM.ActiveCfg = Release|ARM
		{28A3770F-2548-4A3B-A768-EB158732CC03}.Release|ARM.Build.0 = Release|ARM
		{28A3770F-2548-4A3B-A768-EB158732CC03}.Release|ARM.Deploy.0 = Release|ARM
		{28A3770F-2548-4A3B-A768-EB158732CC03}.Release|iPhone.ActiveCfg = Release|x86
		{28A3770F-2548-4A3B-A768-EB158732CC03}.Release|iPhoneSimulator.ActiveCfg = Release|x86
		{28A3770F-2548-4A3B-A768-EB158732CC03}.Release|x64.ActiveCfg = Release|x64
		{28A3770F-2548-4A3B-A768-EB158732CC03}.Release|x64.Build.0 = Release|x64
		{28A3770F-2548-4A3B-A768-EB158732CC03}.Release|x64.Deploy.0 = Release|x64
		{28A3770F-2548-4A3B-A768-EB158732CC03}.Release|x86.ActiveCfg = Release|x86
		{28A3770F-2548-4A3B-A768-EB158732CC03}.Release|x86.Build.0 = Release|x86
		{28A3770F-2548-4A3B-A768-EB158732CC03}.Release|x86.Deploy.0 = Release|x86
		{AAB0EEE2-B5C9-41E4-AACD-21F89841CF68}.Ad-Hoc|Any CPU.ActiveCfg = Ad-Hoc|iPhone
		{AAB0EEE2-B5C9-41E4-AACD-21F89841CF68}.Ad-Hoc|ARM.ActiveCfg = Ad-Hoc|iPhone
		{AAB0EEE2-B5C9-41E4-AACD-21F89841CF68}.Ad-Hoc|iPhone.ActiveCfg = Ad-Hoc|iPhone
		{AAB0EEE2-B5C9-41E4-AACD-21F89841CF68}.Ad-Hoc|iPhone.Build.0 = Ad-Hoc|iPhone
		{AAB0EEE2-B5C9-41E4-AACD-21F89841CF68}.Ad-Hoc|iPhoneSimulator.ActiveCfg = Ad-Hoc|iPhoneSimulator
		{AAB0EEE2-B5C9-41E4-AACD-21F89841CF68}.Ad-Hoc|iPhoneSimulator.Build.0 = Ad-Hoc|iPhoneSimulator
		{AAB0EEE2-B5C9-41E4-AACD-21F89841CF68}.Ad-Hoc|x64.ActiveCfg = Ad-Hoc|iPhone
		{AAB0EEE2-B5C9-41E4-AACD-21F89841CF68}.Ad-Hoc|x86.ActiveCfg = Ad-Hoc|iPhone
		{AAB0EEE2-B5C9-41E4-AACD-21F89841CF68}.AppStore|Any CPU.ActiveCfg = AppStore|iPhone
		{AAB0EEE2-B5C9-41E4-AACD-21F89841CF68}.AppStore|ARM.ActiveCfg = AppStore|iPhone
		{AAB0EEE2-B5C9-41E4-AACD-21F89841CF68}.AppStore|iPhone.ActiveCfg = AppStore|iPhone
		{AAB0EEE2-B5C9-41E4-AACD-21F89841CF68}.AppStore|iPhone.Build.0 = AppStore|iPhone
		{AAB0EEE2-B5C9-41E4-AACD-21F89841CF68}.AppStore|iPhoneSimulator.ActiveCfg = AppStore|iPhoneSimulator
		{AAB0EEE2-B5C9-41E4-AACD-21F89841CF68}.AppStore|iPhoneSimulator.Build.0 = AppStore|iPhoneSimulator
		{AAB0EEE2-B5C9-41E4-AACD-21F89841CF68}.AppStore|x64.ActiveCfg = AppStore|iPhone
		{AAB0EEE2-B5C9-41E4-AACD-21F89841CF68}.AppStore|x86.ActiveCfg = AppStore|iPhone
		{AAB0EEE2-B5C9-41E4-AACD-21F89841CF68}.Debug|Any CPU.ActiveCfg = Debug|iPhone
		{AAB0EEE2-B5C9-41E4-AACD-21F89841CF68}.Debug|ARM.ActiveCfg = Debug|iPhone
		{AAB0EEE2-B5C9-41E4-AACD-21F89841CF68}.Debug|iPhone.ActiveCfg = Debug|iPhone
		{AAB0EEE2-B5C9-41E4-AACD-21F89841CF68}.Debug|iPhone.Build.0 = Debug|iPhone
		{AAB0EEE2-B5C9-41E4-AACD-21F89841CF68}.Debug|iPhoneSimulator.ActiveCfg = Debug|iPhoneSimulator
		{AAB0EEE2-B5C9-41E4-AACD-21F89841CF68}.Debug|iPhoneSimulator.Build.0 = Debug|iPhoneSimulator
		{AAB0EEE2-B5C9-41E4-AACD-21F89841CF68}.Debug|x64.ActiveCfg = Debug|iPhone
		{AAB0EEE2-B5C9-41E4-AACD-21F89841CF68}.Debug|x86.ActiveCfg = Debug|iPhone
		{AAB0EEE2-B5C9-41E4-AACD-21F89841CF68}.Release|Any CPU.ActiveCfg = Release|iPhone
		{AAB0EEE2-B5C9-41E4-AACD-21F89841CF68}.Release|ARM.ActiveCfg = Release|iPhone
		{AAB0EEE2-B5C9-41E4-AACD-21F89841CF68}.Release|iPhone.ActiveCfg = Release|iPhone
		{AAB0EEE2-B5C9-41E4-AACD-21F89841CF68}.Release|iPhone.Build.0 = Release|iPhone
		{AAB0EEE2-B5C9-41E4-AACD-21F89841CF68}.Release|iPhoneSimulator.ActiveCfg = Release|iPhoneSimulator
		{AAB0EEE2-B5C9-41E4-AACD-21F89841CF68}.Release|iPhoneSimulator.Build.0 = Release|iPhoneSimulator
		{AAB0EEE2-B5C9-41E4-AACD-21F89841CF68}.Release|x64.ActiveCfg = Release|iPhone
		{AAB0EEE2-B5C9-41E4-AACD-21F89841CF68}.Release|x86.ActiveCfg = Release|iPhone
	EndGlobalSection
	GlobalSection(SolutionProperties) = preSolution
		HideSolutionNode = FALSE
	EndGlobalSection
EndGlobal
